{
  "requires": true,
  "lockfileVersion": 1,
  "dependencies": {
    "@fortawesome/angular-fontawesome": {
      "version": "0.6.1",
      "resolved": "https://registry.npmjs.org/@fortawesome/angular-fontawesome/-/angular-fontawesome-0.6.1.tgz",
      "integrity": "sha512-ARQjtRuT+ZskzJDJKPwuiGO3+7nS0iyNLU/uHVJHfG4LwGJxwVIGldwg1SU957sra0Z0OtWEajHMhiS4vB9LwQ=="
    },
    "@fortawesome/fontawesome-common-types": {
      "version": "0.2.28",
      "resolved": "https://registry.npmjs.org/@fortawesome/fontawesome-common-types/-/fontawesome-common-types-0.2.28.tgz",
      "integrity": "sha512-gtis2/5yLdfI6n0ia0jH7NJs5i/Z/8M/ZbQL6jXQhCthEOe5Cr5NcQPhgTvFxNOtURE03/ZqUcEskdn2M+QaBg=="
    },
    "@fortawesome/fontawesome-svg-core": {
      "version": "1.2.28",
      "resolved": "https://registry.npmjs.org/@fortawesome/fontawesome-svg-core/-/fontawesome-svg-core-1.2.28.tgz",
      "integrity": "sha512-4LeaNHWvrneoU0i8b5RTOJHKx7E+y7jYejplR7uSVB34+mp3Veg7cbKk7NBCLiI4TyoWS1wh9ZdoyLJR8wSAdg==",
      "requires": {
        "@fortawesome/fontawesome-common-types": "^0.2.28"
      }
    },
    "@fortawesome/free-brands-svg-icons": {
      "version": "5.13.0",
      "resolved": "https://registry.npmjs.org/@fortawesome/free-brands-svg-icons/-/free-brands-svg-icons-5.13.0.tgz",
      "integrity": "sha512-/6xXiJFCMEQxqxXbL0FPJpwq5Cv6MRrjsbJEmH/t5vOvB4dILDpnY0f7zZSlA8+TG7jwlt12miF/yZpZkykucA==",
      "requires": {
        "@fortawesome/fontawesome-common-types": "^0.2.28"
      }
    },
    "@fortawesome/free-regular-svg-icons": {
      "version": "5.13.0",
      "resolved": "https://registry.npmjs.org/@fortawesome/free-regular-svg-icons/-/free-regular-svg-icons-5.13.0.tgz",
      "integrity": "sha512-70FAyiS5j+ANYD4dh9NGowTorNDnyvQHHpCM7FpnF7GxtDjBUCKdrFqCPzesEIpNDFNd+La3vex+jDk4nnUfpA==",
      "requires": {
        "@fortawesome/fontawesome-common-types": "^0.2.28"
      }
    },
    "@fortawesome/free-solid-svg-icons": {
      "version": "5.13.0",
      "resolved": "https://registry.npmjs.org/@fortawesome/free-solid-svg-icons/-/free-solid-svg-icons-5.13.0.tgz",
      "integrity": "sha512-IHUgDJdomv6YtG4p3zl1B5wWf9ffinHIvebqQOmV3U+3SLw4fC+LUCCgwfETkbTtjy5/Qws2VoVf6z/ETQpFpg==",
      "requires": {
        "@fortawesome/fontawesome-common-types": "^0.2.28"
      }
    },
    "@fullcalendar/angular": {
      "version": "4.4.5-beta",
      "resolved": "https://registry.npmjs.org/@fullcalendar/angular/-/angular-4.4.5-beta.tgz",
      "integrity": "sha512-L144YrgrgFr75/LGNcDDX9xKy465AZR/EqWPxkdNFgBSeeblH+kf8OMy8K6YcuJDlv4nXw4RucBqbMrrQKvbQw==",
      "requires": {
        "@fullcalendar/core": "~4.4.0",
        "fast-deep-equal": "^3.1.1"
      }
    },
    "@fullcalendar/core": {
      "version": "4.4.0",
      "resolved": "https://registry.npmjs.org/@fullcalendar/core/-/core-4.4.0.tgz",
      "integrity": "sha512-PC4mmXHJHAlXmUEmZVnePyA8yYCOBdxBNq8yjJqedEtT1X0x36yTFz/Y0Ux6bniICZDqYtk0xoxe6jaxi++e0g=="
    },
    "@fullcalendar/daygrid": {
      "version": "4.4.0",
      "resolved": "https://registry.npmjs.org/@fullcalendar/daygrid/-/daygrid-4.4.0.tgz",
      "integrity": "sha512-pDfvL0XZxKHTZ4VFOmwaYe3LmuABEIZsEopeqQ8y5O6BDen9KCbJqgHeCI8FpASSBd6bNlUx7il7EHdSoHhgIw=="
    },
    "@fullcalendar/interaction": {
      "version": "4.4.0",
      "resolved": "https://registry.npmjs.org/@fullcalendar/interaction/-/interaction-4.4.0.tgz",
      "integrity": "sha512-nGu0ZzYYlNpIhqfyv3JupteWKFETs3W1MzbRJcEZkuPncn4BooEi4A2blgHfacHAmmpaNkT84tAmhzi734MFBA=="
    },
    "@fullcalendar/timegrid": {
      "version": "4.4.0",
      "resolved": "https://registry.npmjs.org/@fullcalendar/timegrid/-/timegrid-4.4.0.tgz",
      "integrity": "sha512-QwJ9oM87/ZTbXaE8PMIVp20GPtVCFmroaeR1GydJ6BKYtbxG/nsaSv7RhqvDa2jLjHaTWC2NjHo9hRfjQjtCZA==",
      "requires": {
        "@fullcalendar/daygrid": "~4.4.0"
      }
    },
    "bootstrap": {
      "version": "4.4.1",
      "resolved": "https://registry.npmjs.org/bootstrap/-/bootstrap-4.4.1.tgz",
      "integrity": "sha512-tbx5cHubwE6e2ZG7nqM3g/FZ5PQEDMWmMGNrCUBVRPHXTJaH7CBDdsLeu3eCh3B1tzAxTnAbtmrzvWEvT2NNEA=="
    },
    "fast-deep-equal": {
      "version": "3.1.1",
      "resolved": "https://registry.npmjs.org/fast-deep-equal/-/fast-deep-equal-3.1.1.tgz",
      "integrity": "sha512-8UEa58QDLauDNfpbrX55Q9jrGHThw2ZMdOky5Gl1CDtVeJDPVrG4Jxx1N8jw2gkWaff5UUuX1KJd+9zGe2B+ZA=="
    }
  }
}
