
Microsoft Visual Studio Solution File, Format Version 12.00
# Visual Studio Version 16
VisualStudioVersion = 16.0.29920.165
MinimumVisualStudioVersion = 10.0.40219.1
Project("{2150E333-8FDC-42A3-9474-1A3956D46DE8}") = "Common", "Common", "{8CA52C21-6D66-421E-BD43-E72CC6231878}"
EndProject
Project("{2150E333-8FDC-42A3-9474-1A3956D46DE8}") = "Database", "Database", "{7AF1E0BA-139B-465C-8D4B-A47FB51971C3}"
EndProject
Project("{2150E333-8FDC-42A3-9474-1A3956D46DE8}") = "Repository", "Repository", "{9F38DCB9-3E02-426B-BD6E-FFDBA6CCD471}"
EndProject
Project("{2150E333-8FDC-42A3-9474-1A3956D46DE8}") = "Service", "Service", "{4E269B39-5172-40A1-94AE-004A3B1D6FF7}"
EndProject
Project("{2150E333-8FDC-42A3-9474-1A3956D46DE8}") = "Test", "Test", "{B72846BF-86D5-4AA3-8B67-2503DCC10BFE}"
EndProject
Project("{2150E333-8FDC-42A3-9474-1A3956D46DE8}") = "Web", "Web", "{CC6188A7-21C8-464F-810D-EF6D453EFFCD}"
EndProject
Project("{00D1A9C2-B5F0-4AF3-8072-F6C62B433612}") = "PTOTMT.Database", "PTOTMT.Database\PTOTMT.Database.sqlproj", "{0351E834-CE76-4890-A8F8-1B7679095E0C}"
EndProject
Project("{9A19103F-16F7-4668-BE54-9A1E7A4F7556}") = "PTOTMT.Test.MSTest", "PTOTMT.Test.MSTest\PTOTMT.Test.MSTest.csproj", "{31E1ACEB-7F2B-4EAA-9998-F4E11BF51BCA}"
EndProject
Project("{9A19103F-16F7-4668-BE54-9A1E7A4F7556}") = "PTOTMT.Common", "PTOTMT.Common\PTOTMT.Common.csproj", "{D1F9268D-2F69-4115-84E7-051B838B7945}"
EndProject
Project("{9A19103F-16F7-4668-BE54-9A1E7A4F7556}") = "PTOTMT.Repository", "PTOTMT.Repository\PTOTMT.Repository.csproj", "{76022D07-23D0-493D-AA15-6183FF155C34}"
EndProject
Project("{9A19103F-16F7-4668-BE54-9A1E7A4F7556}") = "PTOTMT.Service", "PTOTMT.Web.API\PTOTMT.Service.csproj", "{2403B902-529B-48D1-A0FE-A7BAE9DFE774}"
EndProject
Project("{9A19103F-16F7-4668-BE54-9A1E7A4F7556}") = "PTOTMT.First", "PTOTMT.First\PTOTMT.First.csproj", "{88E22C4A-5703-4BF8-89C0-9203E12B6819}"
EndProject
Global
	GlobalSection(SolutionConfigurationPlatforms) = preSolution
		Debug|Any CPU = Debug|Any CPU
		Release|Any CPU = Release|Any CPU
	EndGlobalSection
	GlobalSection(ProjectConfigurationPlatforms) = postSolution
		{0351E834-CE76-4890-A8F8-1B7679095E0C}.Debug|Any CPU.ActiveCfg = Debug|Any CPU
		{0351E834-CE76-4890-A8F8-1B7679095E0C}.Debug|Any CPU.Build.0 = Debug|Any CPU
		{0351E834-CE76-4890-A8F8-1B7679095E0C}.Debug|Any CPU.Deploy.0 = Debug|Any CPU
		{0351E834-CE76-4890-A8F8-1B7679095E0C}.Release|Any CPU.ActiveCfg = Release|Any CPU
		{0351E834-CE76-4890-A8F8-1B7679095E0C}.Release|Any CPU.Build.0 = Release|Any CPU
		{0351E834-CE76-4890-A8F8-1B7679095E0C}.Release|Any CPU.Deploy.0 = Release|Any CPU
		{31E1ACEB-7F2B-4EAA-9998-F4E11BF51BCA}.Debug|Any CPU.ActiveCfg = Debug|Any CPU
		{31E1ACEB-7F2B-4EAA-9998-F4E11BF51BCA}.Debug|Any CPU.Build.0 = Debug|Any CPU
		{31E1ACEB-7F2B-4EAA-9998-F4E11BF51BCA}.Release|Any CPU.ActiveCfg = Release|Any CPU
		{31E1ACEB-7F2B-4EAA-9998-F4E11BF51BCA}.Release|Any CPU.Build.0 = Release|Any CPU
		{D1F9268D-2F69-4115-84E7-051B838B7945}.Debug|Any CPU.ActiveCfg = Debug|Any CPU
		{D1F9268D-2F69-4115-84E7-051B838B7945}.Debug|Any CPU.Build.0 = Debug|Any CPU
		{D1F9268D-2F69-4115-84E7-051B838B7945}.Release|Any CPU.ActiveCfg = Release|Any CPU
		{D1F9268D-2F69-4115-84E7-051B838B7945}.Release|Any CPU.Build.0 = Release|Any CPU
		{76022D07-23D0-493D-AA15-6183FF155C34}.Debug|Any CPU.ActiveCfg = Debug|Any CPU
		{76022D07-23D0-493D-AA15-6183FF155C34}.Debug|Any CPU.Build.0 = Debug|Any CPU
		{76022D07-23D0-493D-AA15-6183FF155C34}.Release|Any CPU.ActiveCfg = Release|Any CPU
		{76022D07-23D0-493D-AA15-6183FF155C34}.Release|Any CPU.Build.0 = Release|Any CPU
		{2403B902-529B-48D1-A0FE-A7BAE9DFE774}.Debug|Any CPU.ActiveCfg = Debug|Any CPU
		{2403B902-529B-48D1-A0FE-A7BAE9DFE774}.Debug|Any CPU.Build.0 = Debug|Any CPU
		{2403B902-529B-48D1-A0FE-A7BAE9DFE774}.Release|Any CPU.ActiveCfg = Release|Any CPU
		{2403B902-529B-48D1-A0FE-A7BAE9DFE774}.Release|Any CPU.Build.0 = Release|Any CPU
		{88E22C4A-5703-4BF8-89C0-9203E12B6819}.Debug|Any CPU.ActiveCfg = Debug|Any CPU
		{88E22C4A-5703-4BF8-89C0-9203E12B6819}.Debug|Any CPU.Build.0 = Debug|Any CPU
		{88E22C4A-5703-4BF8-89C0-9203E12B6819}.Release|Any CPU.ActiveCfg = Release|Any CPU
		{88E22C4A-5703-4BF8-89C0-9203E12B6819}.Release|Any CPU.Build.0 = Release|Any CPU
	EndGlobalSection
	GlobalSection(SolutionProperties) = preSolution
		HideSolutionNode = FALSE
	EndGlobalSection
	GlobalSection(NestedProjects) = preSolution
		{0351E834-CE76-4890-A8F8-1B7679095E0C} = {7AF1E0BA-139B-465C-8D4B-A47FB51971C3}
		{31E1ACEB-7F2B-4EAA-9998-F4E11BF51BCA} = {B72846BF-86D5-4AA3-8B67-2503DCC10BFE}
		{D1F9268D-2F69-4115-84E7-051B838B7945} = {8CA52C21-6D66-421E-BD43-E72CC6231878}
		{76022D07-23D0-493D-AA15-6183FF155C34} = {9F38DCB9-3E02-426B-BD6E-FFDBA6CCD471}
		{2403B902-529B-48D1-A0FE-A7BAE9DFE774} = {4E269B39-5172-40A1-94AE-004A3B1D6FF7}
		{88E22C4A-5703-4BF8-89C0-9203E12B6819} = {CC6188A7-21C8-464F-810D-EF6D453EFFCD}
	EndGlobalSection
	GlobalSection(ExtensibilityGlobals) = postSolution
		SolutionGuid = {C0214DB8-73E5-4584-959B-EB8371AD20BE}
	EndGlobalSection
EndGlobal
